
Microsoft Visual Studio Solution File, Format Version 12.00
# Visual Studio Version 16
VisualStudioVersion = 16.0.29509.3
MinimumVisualStudioVersion = 10.0.40219.1
Project("{FAE04EC0-301F-11D3-BF4B-00C04F79EFBC}") = "SudokuSolver", "SudokuSolver\SudokuSolver.csproj", "{D431500C-FFC7-4624-A6A6-FFE11A059312}"
EndProject
Global
	GlobalSection(SolutionConfigurationPlatforms) = preSolution
		Debug|Any CPU = Debug|Any CPU
		Release|Any CPU = Release|Any CPU
	EndGlobalSection
	GlobalSection(ProjectConfigurationPlatforms) = postSolution
		{D431500C-FFC7-4624-A6A6-FFE11A059312}.Debug|Any CPU.ActiveCfg = Debug|Any CPU
		{D431500C-FFC7-4624-A6A6-FFE11A059312}.Debug|Any CPU.Build.0 = Debug|Any CPU
		{D431500C-FFC7-4624-A6A6-FFE11A059312}.Release|Any CPU.ActiveCfg = Release|Any CPU
		{D431500C-FFC7-4624-A6A6-FFE11A059312}.Release|Any CPU.Build.0 = Release|Any CPU
	EndGlobalSection
	GlobalSection(SolutionProperties) = preSolution
		HideSolutionNode = FALSE
	EndGlobalSection
	GlobalSection(ExtensibilityGlobals) = postSolution
		SolutionGuid = {6CFA4886-D617-47CA-9233-4AC95E69E4B0}
	EndGlobalSection
EndGlobal
